<?xml version="1.0" encoding="UTF-8" standalone="yes" ?>
<CodeBlocks_project_file>
	<FileVersion major="1" minor="6" />
	<Project>
		<Option title="GrielsQuest" />
		<Option makefile="D:/MDDev/Works/GrielsQuest/makefile.gen" />
		<Option makefile_is_custom="1" />
		<Option pch_mode="2" />
		<Option compiler="sega_genesis_compiler" />
		<MakeCommands>
			<Build command="" />
			<CompileFile command="" />
			<Clean command="" />
			<DistClean command="" />
			<AskRebuildNeeded command="" />
			<SilentBuild command=" &gt; $(CMD_NULL)" />
		</MakeCommands>
		<Build>
			<Target title="default">
				<Option output="out/GrielsQuest" prefix_auto="1" extension_auto="1" />
				<Option object_output="out/" />
				<Option type="1" />
				<Option compiler="sega_genesis_compiler" />
				<Compiler>
					<Add option="-O2" />
				</Compiler>
				<Linker>
					<Add option="-s" />
				</Linker>
				<MakeCommands>
					<Build command="$make -f $makefile" />
					<CompileFile command="$make -f $makefile $file" />
					<Clean command="$make -f $makefile clean" />
					<DistClean command="$make -f $makefile distclean$target" />
					<AskRebuildNeeded command="$make -q -f $makefile clean" />
					<SilentBuild command="$make -f $makefile &gt; $(CMD_NULL)" />
				</MakeCommands>
			</Target>
		</Build>
		<Unit filename=".gitattributes" />
		<Unit filename=".gitignore" />
		<Unit filename="Proyecto.bat" />
		<Unit filename="convert.bat" />
		<Unit filename="funciones/StringUtils.c">
			<Option compilerVar="CC" />
		</Unit>
		<Unit filename="funciones/StringUtils.h" />
		<Unit filename="funciones/abs.c">
			<Option compilerVar="CC" />
		</Unit>
		<Unit filename="funciones/alloca.h" />
		<Unit filename="funciones/ansi.h" />
		<Unit filename="funciones/assert.c">
			<Option compilerVar="CC" />
		</Unit>
		<Unit filename="funciones/assert.h" />
		<Unit filename="funciones/atoi.c">
			<Option compilerVar="CC" />
		</Unit>
		<Unit filename="funciones/atol.c">
			<Option compilerVar="CC" />
		</Unit>
		<Unit filename="funciones/bcmp.c">
			<Option compilerVar="CC" />
		</Unit>
		<Unit filename="funciones/bcopy.c">
			<Option compilerVar="CC" />
		</Unit>
		<Unit filename="funciones/bzero.c">
			<Option compilerVar="CC" />
		</Unit>
		<Unit filename="funciones/calloc.c">
			<Option compilerVar="CC" />
		</Unit>
		<Unit filename="funciones/cdaudio.c">
			<Option compilerVar="CC" />
		</Unit>
		<Unit filename="funciones/crt0.S" />
		<Unit filename="funciones/ctype.gif" />
		<Unit filename="funciones/ctype.h" />
		<Unit filename="funciones/ctype.url" />
		<Unit filename="funciones/ctype_.c">
			<Option compilerVar="CC" />
		</Unit>
		<Unit filename="funciones/div.c">
			<Option compilerVar="CC" />
		</Unit>
		<Unit filename="funciones/effect_cylinder.c">
			<Option compilerVar="CC" />
		</Unit>
		<Unit filename="funciones/errno.h" />
		<Unit filename="funciones/exit.c">
			<Option compilerVar="CC" />
		</Unit>
		<Unit filename="funciones/fclose.c">
			<Option compilerVar="CC" />
		</Unit>
		<Unit filename="funciones/fflush.c">
			<Option compilerVar="CC" />
		</Unit>
		<Unit filename="funciones/fgetc.c">
			<Option compilerVar="CC" />
		</Unit>
		<Unit filename="funciones/fgetlen.c">
			<Option compilerVar="CC" />
		</Unit>
		<Unit filename="funciones/fgets.c">
			<Option compilerVar="CC" />
		</Unit>
		<Unit filename="funciones/fopen.c">
			<Option compilerVar="CC" />
		</Unit>
		<Unit filename="funciones/fputc.c">
			<Option compilerVar="CC" />
		</Unit>
		<Unit filename="funciones/fputs.c">
			<Option compilerVar="CC" />
		</Unit>
		<Unit filename="funciones/getc.c">
			<Option compilerVar="CC" />
		</Unit>
		<Unit filename="funciones/getchar.c">
			<Option compilerVar="CC" />
		</Unit>
		<Unit filename="funciones/gets.c">
			<Option compilerVar="CC" />
		</Unit>
		<Unit filename="funciones/ieeefp.h" />
		<Unit filename="funciones/in_array.c">
			<Option compilerVar="CC" />
		</Unit>
		<Unit filename="funciones/index.c">
			<Option compilerVar="CC" />
		</Unit>
		<Unit filename="funciones/isalnum.c">
			<Option compilerVar="CC" />
		</Unit>
		<Unit filename="funciones/isalpha.c">
			<Option compilerVar="CC" />
		</Unit>
		<Unit filename="funciones/isascii.c">
			<Option compilerVar="CC" />
		</Unit>
		<Unit filename="funciones/isblank.c">
			<Option compilerVar="CC" />
		</Unit>
		<Unit filename="funciones/iscntrl.c">
			<Option compilerVar="CC" />
		</Unit>
		<Unit filename="funciones/isdigit.c">
			<Option compilerVar="CC" />
		</Unit>
		<Unit filename="funciones/islower.c">
			<Option compilerVar="CC" />
		</Unit>
		<Unit filename="funciones/isprint.c">
			<Option compilerVar="CC" />
		</Unit>
		<Unit filename="funciones/ispunct.c">
			<Option compilerVar="CC" />
		</Unit>
		<Unit filename="funciones/isspace.c">
			<Option compilerVar="CC" />
		</Unit>
		<Unit filename="funciones/isupper.c">
			<Option compilerVar="CC" />
		</Unit>
		<Unit filename="funciones/isxdigit.c">
			<Option compilerVar="CC" />
		</Unit>
		<Unit filename="funciones/ldiv.c">
			<Option compilerVar="CC" />
		</Unit>
		<Unit filename="funciones/limits.h" />
		<Unit filename="funciones/malloc.c">
			<Option compilerVar="CC" />
		</Unit>
		<Unit filename="funciones/memccpy.c">
			<Option compilerVar="CC" />
		</Unit>
		<Unit filename="funciones/memchr.c">
			<Option compilerVar="CC" />
		</Unit>
		<Unit filename="funciones/memcmp.c">
			<Option compilerVar="CC" />
		</Unit>
		<Unit filename="funciones/memcpy.c">
			<Option compilerVar="CC" />
		</Unit>
		<Unit filename="funciones/memmove.c">
			<Option compilerVar="CC" />
		</Unit>
		<Unit filename="funciones/mempcpy.c">
			<Option compilerVar="CC" />
		</Unit>
		<Unit filename="funciones/memset.c">
			<Option compilerVar="CC" />
		</Unit>
		<Unit filename="funciones/minilib_version.h" />
		<Unit filename="funciones/misc.c">
			<Option compilerVar="CC" />
		</Unit>
		<Unit filename="funciones/missing_defs.h" />
		<Unit filename="funciones/printf.c">
			<Option compilerVar="CC" />
		</Unit>
		<Unit filename="funciones/putc.c">
			<Option compilerVar="CC" />
		</Unit>
		<Unit filename="funciones/putchar.c">
			<Option compilerVar="CC" />
		</Unit>
		<Unit filename="funciones/puts.c">
			<Option compilerVar="CC" />
		</Unit>
		<Unit filename="funciones/rand.c">
			<Option compilerVar="CC" />
		</Unit>
		<Unit filename="funciones/reent.h" />
		<Unit filename="funciones/rget.c">
			<Option compilerVar="CC" />
		</Unit>
		<Unit filename="funciones/rindex.c">
			<Option compilerVar="CC" />
		</Unit>
		<Unit filename="funciones/scanf.c">
			<Option compilerVar="CC" />
		</Unit>
		<Unit filename="funciones/setbuffer.c">
			<Option compilerVar="CC" />
		</Unit>
		<Unit filename="funciones/stdio.h" />
		<Unit filename="funciones/stdlib.h" />
		<Unit filename="funciones/strcat.c">
			<Option compilerVar="CC" />
		</Unit>
		<Unit filename="funciones/strchr.c">
			<Option compilerVar="CC" />
		</Unit>
		<Unit filename="funciones/strcmp.c">
			<Option compilerVar="CC" />
		</Unit>
		<Unit filename="funciones/strcoll.c">
			<Option compilerVar="CC" />
		</Unit>
		<Unit filename="funciones/strcpy.c">
			<Option compilerVar="CC" />
		</Unit>
		<Unit filename="funciones/strcspn.c">
			<Option compilerVar="CC" />
		</Unit>
		<Unit filename="funciones/string.h" />
		<Unit filename="funciones/strlcat.c">
			<Option compilerVar="CC" />
		</Unit>
		<Unit filename="funciones/strlcpy.c">
			<Option compilerVar="CC" />
		</Unit>
		<Unit filename="funciones/strlen.c">
			<Option compilerVar="CC" />
		</Unit>
		<Unit filename="funciones/strlwr.c">
			<Option compilerVar="CC" />
		</Unit>
		<Unit filename="funciones/strncat.c">
			<Option compilerVar="CC" />
		</Unit>
		<Unit filename="funciones/strncmp.c">
			<Option compilerVar="CC" />
		</Unit>
		<Unit filename="funciones/strncpy.c">
			<Option compilerVar="CC" />
		</Unit>
		<Unit filename="funciones/strnlen.c">
			<Option compilerVar="CC" />
		</Unit>
		<Unit filename="funciones/strrchr.c">
			<Option compilerVar="CC" />
		</Unit>
		<Unit filename="funciones/strspn.c">
			<Option compilerVar="CC" />
		</Unit>
		<Unit filename="funciones/strstr.c">
			<Option compilerVar="CC" />
		</Unit>
		<Unit filename="funciones/strtol.c">
			<Option compilerVar="CC" />
		</Unit>
		<Unit filename="funciones/strupr.c">
			<Option compilerVar="CC" />
		</Unit>
		<Unit filename="funciones/syscalls.c">
			<Option compilerVar="CC" />
		</Unit>
		<Unit filename="funciones/syscalls.h" />
		<Unit filename="funciones/test.c">
			<Option compilerVar="CC" />
		</Unit>
		<Unit filename="funciones/test_ctype.c">
			<Option compilerVar="CC" />
		</Unit>
		<Unit filename="funciones/test_stdio.c">
			<Option compilerVar="CC" />
		</Unit>
		<Unit filename="funciones/test_stdlib.c">
			<Option compilerVar="CC" />
		</Unit>
		<Unit filename="funciones/test_string.c">
			<Option compilerVar="CC" />
		</Unit>
		<Unit filename="funciones/text.c">
			<Option compilerVar="CC" />
		</Unit>
		<Unit filename="funciones/text.h" />
		<Unit filename="funciones/toascii.c">
			<Option compilerVar="CC" />
		</Unit>
		<Unit filename="funciones/tolower.c">
			<Option compilerVar="CC" />
		</Unit>
		<Unit filename="funciones/toupper.c">
			<Option compilerVar="CC" />
		</Unit>
		<Unit filename="funciones/types.h" />
		<Unit filename="funciones/wbuf.c">
			<Option compilerVar="CC" />
		</Unit>
		<Unit filename="game/data/common/Prueba marcador v9.bmp" />
		<Unit filename="game/data/common/Prueba marcador v9.gal" />
		<Unit filename="game/data/common/empty.bmp" />
		<Unit filename="game/data/common/empty_16x24.bmp" />
		<Unit filename="game/data/common/empty_32x32.bmp" />
		<Unit filename="game/data/common/estrellitas.bmp" />
		<Unit filename="game/data/common/font_16x16.bmp" />
		<Unit filename="game/data/common/font_8x8.bmp" />
		<Unit filename="game/data/common/font_8x8_spa.bmp" />
		<Unit filename="game/data/common/font_palette.bmp" />
		<Unit filename="game/data/common/fuente.pal" />
		<Unit filename="game/data/common/howtoplay - copia.bmp" />
		<Unit filename="game/data/common/howtoplay.0.bmp" />
		<Unit filename="game/data/common/howtoplay.1.bmp" />
		<Unit filename="game/data/common/howtoplay.2.bmp" />
		<Unit filename="game/data/common/howtoplay.3.bmp" />
		<Unit filename="game/data/common/howtoplay.4.bmp" />
		<Unit filename="game/data/common/howtoplay.bmp" />
		<Unit filename="game/data/common/muertes_16x24.bmp" />
		<Unit filename="game/data/common/no usado/Bubble Bobble SMS-foodsprite - FOR BONUS .png" />
		<Unit filename="game/data/common/no usado/Marcador v6 papiro vampiro.png" />
		<Unit filename="game/data/common/no usado/ui.1.bmp" />
		<Unit filename="game/data/common/no usado/ui.2.bmp" />
		<Unit filename="game/data/common/no usado/ui.alt.bmp" />
		<Unit filename="game/data/common/no usado/ui0.bmp" />
		<Unit filename="game/data/common/no usado/ui1.bmp" />
		<Unit filename="game/data/common/paleta.pal" />
		<Unit filename="game/data/common/password.bmp" />
		<Unit filename="game/data/common/pause.0.bmp" />
		<Unit filename="game/data/common/pause.1.bmp" />
		<Unit filename="game/data/common/pause.bmp" />
		<Unit filename="game/data/common/scoreball.1.bmp" />
		<Unit filename="game/data/common/scoreball.2.bmp" />
		<Unit filename="game/data/common/scoreball.bmp" />
		<Unit filename="game/data/common/slash.bmp" />
		<Unit filename="game/data/common/soundtest.bmp" />
		<Unit filename="game/data/common/sprites.pal" />
		<Unit filename="game/data/common/sprites_16x16.bmp" />
		<Unit filename="game/data/common/sprites_16x24.bmp" />
		<Unit filename="game/data/common/square (3).bmp" />
		<Unit filename="game/data/common/square.bmp" />
		<Unit filename="game/data/common/ui.0.bmp" />
		<Unit filename="game/data/common/ui.1.bmp" />
		<Unit filename="game/data/common/ui.bmp" />
		<Unit filename="game/data/common/ui.pal" />
		<Unit filename="game/data/common/weapons.bmp" />
		<Unit filename="game/data/other/24503.png" />
		<Unit filename="game/data/other/_viejo/Intro 1/Intro 1 montaje.bmp" />
		<Unit filename="game/data/other/_viejo/Intro 1/Intro 1.gal" />
		<Unit filename="game/data/other/_viejo/Intro 2/Intro 2 montaje.bmp" />
		<Unit filename="game/data/other/_viejo/Intro 2/Intro 2.gal" />
		<Unit filename="game/data/other/_viejo/Intro 3/Intro 3 montaje.bmp" />
		<Unit filename="game/data/other/_viejo/Intro 3/Intro 3.gal" />
		<Unit filename="game/data/other/_viejo/Intro 4/Intro 4 Griel escudo.bmp" />
		<Unit filename="game/data/other/_viejo/Intro 4/Intro 4 montaje.bmp" />
		<Unit filename="game/data/other/_viejo/Intro 4/Intro 4.gal" />
		<Unit filename="game/data/other/ambiente/No usado/rounds_squares_32x24.0.bmp" />
		<Unit filename="game/data/other/ambiente/plan_a_1.bmp" />
		<Unit filename="game/data/other/ambiente/plan_a_1.pal" />
		<Unit filename="game/data/other/ambiente/plan_a_2.bmp" />
		<Unit filename="game/data/other/ambiente/plan_a_2.pal" />
		<Unit filename="game/data/other/ambiente/plan_b_1.bmp" />
		<Unit filename="game/data/other/ambiente/round_numbers_32x24.bmp" />
		<Unit filename="game/data/other/ambiente/rounds_sprites_32x32.bmp" />
		<Unit filename="game/data/other/cs_displayer.bmp" />
		<Unit filename="game/data/other/cs_displayer.pal" />
		<Unit filename="game/data/other/disclaimer.bmp" />
		<Unit filename="game/data/other/ending_1.bmp" />
		<Unit filename="game/data/other/ending_2.bmp" />
		<Unit filename="game/data/other/ending_3.bmp" />
		<Unit filename="game/data/other/finales/final1/Dani Nevado/Final 1 por capas.gal" />
		<Unit filename="game/data/other/finales/final1/Dani Nevado/Fondo.bmp" />
		<Unit filename="game/data/other/finales/final1/Dani Nevado/Griel final 1.bmp" />
		<Unit filename="game/data/other/finales/final1/Dani Nevado/Griel sorprendido final 1.bmp" />
		<Unit filename="game/data/other/finales/final1/Dani Nevado/Kbrah cara 1.bmp" />
		<Unit filename="game/data/other/finales/final1/Dani Nevado/Kbrah cara 2.bmp" />
		<Unit filename="game/data/other/finales/final1/Dani Nevado/Kbritah final 1.bmp" />
		<Unit filename="game/data/other/finales/final1/Dani Nevado/Kbritah triste final 1.bmp" />
		<Unit filename="game/data/other/finales/final1/Dani Nevado/Montaje final 1.bmp" />
		<Unit filename="game/data/other/finales/final1/Dani Nevado/Sombra Kbrah.bmp" />
		<Unit filename="game/data/other/finales/final1/Dani Nevado/Sombra Kbritah.bmp" />
		<Unit filename="game/data/other/finales/final1/Kbrah.pal" />
		<Unit filename="game/data/other/finales/final1/Old/Griel 1 v2.gal" />
		<Unit filename="game/data/other/finales/final1/Old/Griel old 1.bmp" />
		<Unit filename="game/data/other/finales/final1/Old/Griel old 2.bmp" />
		<Unit filename="game/data/other/finales/final1/Old/Griel por capas.gal" />
		<Unit filename="game/data/other/finales/final1/Old/Montaje ending old.bmp" />
		<Unit filename="game/data/other/finales/final1/fondo.pal" />
		<Unit filename="game/data/other/finales/final1/ob_f1_fondo_a.bmp" />
		<Unit filename="game/data/other/finales/final1/ob_f1_fondo_b.bmp" />
		<Unit filename="game/data/other/finales/final1/os_f1_griel_1.bmp" />
		<Unit filename="game/data/other/finales/final1/os_f1_griel_2.bmp" />
		<Unit filename="game/data/other/finales/final1/os_f1_kbrah.bmp" />
		<Unit filename="game/data/other/finales/final1/os_f1_kbritah_1.bmp" />
		<Unit filename="game/data/other/finales/final1/os_f1_kbritah_2.bmp" />
		<Unit filename="game/data/other/finales/final1/os_f1_sombras_1.bmp" />
		<Unit filename="game/data/other/finales/final1/os_f1_sombras_2.bmp" />
		<Unit filename="game/data/other/finales/final2/Dani Nevado/Boceto final 2.jpeg" />
		<Unit filename="game/data/other/finales/final2/Dani Nevado/Final 2 por capas.gal" />
		<Unit filename="game/data/other/finales/final2/Dani Nevado/Fondo final 2.png" />
		<Unit filename="game/data/other/finales/final2/Dani Nevado/Griel final 2.png" />
		<Unit filename="game/data/other/finales/final2/Dani Nevado/Montaje final 2.png" />
		<Unit filename="game/data/other/finales/final2/Dani Nevado/Puerta abierta.png" />
		<Unit filename="game/data/other/finales/final2/Dani Nevado/Rey final 2.png" />
		<Unit filename="game/data/other/finales/final2/Dani Nevado/fondo_b.pal" />
		<Unit filename="game/data/other/finales/final2/Dani Nevado/os_f2_gorda.1.bmp" />
		<Unit filename="game/data/other/finales/final2/Dani Nevado/os_f2_gorda.2.bmp" />
		<Unit filename="game/data/other/finales/final2/ob_f2_fondo_a.bmp" />
		<Unit filename="game/data/other/finales/final2/ob_f2_fondo_b.bmp" />
		<Unit filename="game/data/other/finales/final2/os_f2_gorda.bmp" />
		<Unit filename="game/data/other/finales/final2/os_f2_griel.bmp" />
		<Unit filename="game/data/other/finales/final2/os_f2_pibon.bmp" />
		<Unit filename="game/data/other/finales/final3/Bocetos/Kbritah martillo.png" />
		<Unit filename="game/data/other/finales/final3/Bocetos/Princesa y Griel.png" />
		<Unit filename="game/data/other/finales/final3/Dani Nevado/Cabeza Princesota 2.bmp" />
		<Unit filename="game/data/other/finales/final3/Dani Nevado/Final 3 montaje 1.bmp" />
		<Unit filename="game/data/other/finales/final3/Dani Nevado/Final 3 montaje 1.gal" />
		<Unit filename="game/data/other/finales/final3/Dani Nevado/Final 3 montaje 2.bmp" />
		<Unit filename="game/data/other/finales/final3/Dani Nevado/Final 3 montaje 2.gal" />
		<Unit filename="game/data/other/finales/final3/Dani Nevado/Fondo golpe entero final 3.bmp" />
		<Unit filename="game/data/other/finales/final3/Dani Nevado/Fondo golpe final 3.bmp" />
		<Unit filename="game/data/other/finales/final3/Dani Nevado/Fondo gordi final 3.bmp" />
		<Unit filename="game/data/other/finales/final3/Dani Nevado/Griel final 3 pos1.bmp" />
		<Unit filename="game/data/other/finales/final3/Dani Nevado/Griel final 3 pos2.bmp" />
		<Unit filename="game/data/other/finales/final3/Dani Nevado/Kbritah entera final 3.bmp" />
		<Unit filename="game/data/other/finales/final3/Dani Nevado/Kbritah recorte final 3.bmp" />
		<Unit filename="game/data/other/finales/final3/Dani Nevado/Princesota salto con fondo.bmp" />
		<Unit filename="game/data/other/finales/final3/Dani Nevado/Princesota salto.bmp" />
		<Unit filename="game/data/other/finales/final3/Dani Nevado/áaa.bmp" />
		<Unit filename="game/data/other/finales/final3/Old/Crash 1.png" />
		<Unit filename="game/data/other/finales/final3/Old/Crash 2.png" />
		<Unit filename="game/data/other/finales/final3/Old/Crash 3.png" />
		<Unit filename="game/data/other/finales/final3/Old/Final 3 montaje 2.png" />
		<Unit filename="game/data/other/finales/final3/Old/Final 3 v2.gal" />
		<Unit filename="game/data/other/finales/final3/Old/Final 3B v2.gal" />
		<Unit filename="game/data/other/finales/final3/ob_f3_fondo_a_1.bmp" />
		<Unit filename="game/data/other/finales/final3/ob_f3_fondo_a_2.bmp" />
		<Unit filename="game/data/other/finales/final3/ob_f3_fondo_b_1.bmp" />
		<Unit filename="game/data/other/finales/final3/ob_f3_fondo_b_2.bmp" />
		<Unit filename="game/data/other/finales/final3/os_f3_gorda.bmp" />
		<Unit filename="game/data/other/finales/final3/os_f3_griel_1.bmp" />
		<Unit filename="game/data/other/finales/final3/os_f3_griel_2.bmp" />
		<Unit filename="game/data/other/finales/final4/Dani Nevado/Final 4 por capas.gal" />
		<Unit filename="game/data/other/finales/final4/Dani Nevado/Fondo blurr.bmp" />
		<Unit filename="game/data/other/finales/final4/Dani Nevado/Griel final 4.bmp" />
		<Unit filename="game/data/other/finales/final4/Dani Nevado/Kbritah final 4.bmp" />
		<Unit filename="game/data/other/finales/final4/Dani Nevado/Montaje Final 4.bmp" />
		<Unit filename="game/data/other/finales/final4/Dani Nevado/Montaje moto.bmp" />
		<Unit filename="game/data/other/finales/final4/Dani Nevado/Moto.bmp" />
		<Unit filename="game/data/other/finales/final4/Old/Fondo blurr.png" />
		<Unit filename="game/data/other/finales/final4/Old/Griel final 4.png" />
		<Unit filename="game/data/other/finales/final4/Old/Kbritah final 4.png" />
		<Unit filename="game/data/other/finales/final4/Old/Montaje final 4.png" />
		<Unit filename="game/data/other/finales/final4/Old/Montaje moto.png" />
		<Unit filename="game/data/other/finales/final4/Old/Moto.png" />
		<Unit filename="game/data/other/finales/final4/fondo.pal" />
		<Unit filename="game/data/other/finales/final4/ob_f4_fondo_a.bmp" />
		<Unit filename="game/data/other/finales/final4/ob_f4_fondo_b.bmp" />
		<Unit filename="game/data/other/finales/final4/os_f4_griel.bmp" />
		<Unit filename="game/data/other/finales/final4/os_f4_kbritah.bmp" />
		<Unit filename="game/data/other/intro/intro1a.bmp" />
		<Unit filename="game/data/other/intro/intro1b.bmp" />
		<Unit filename="game/data/other/intro/intro1c.bmp" />
		<Unit filename="game/data/other/intro/intro2a.bmp" />
		<Unit filename="game/data/other/intro/intro2b.bmp" />
		<Unit filename="game/data/other/intro/intro3a.bmp" />
		<Unit filename="game/data/other/intro/intro3b.bmp" />
		<Unit filename="game/data/other/intro/intro3c.bmp" />
		<Unit filename="game/data/other/intro/intro3d.bmp" />
		<Unit filename="game/data/other/intro/intro4a.bmp" />
		<Unit filename="game/data/other/intro/intro4b.bmp" />
		<Unit filename="game/data/other/intro/intro4b.pal" />
		<Unit filename="game/data/other/intro/intro4c.bmp" />
		<Unit filename="game/data/other/intro/intro4c.pal" />
		<Unit filename="game/data/other/intro_1.bmp" />
		<Unit filename="game/data/other/intro_2.bmp" />
		<Unit filename="game/data/other/intro_3.bmp" />
		<Unit filename="game/data/other/logo_Karoshi.bmp" />
		<Unit filename="game/data/other/logo_OookLab.bmp" />
		<Unit filename="game/data/other/logo_Sega.bmp" />
		<Unit filename="game/data/other/logo_copyright.bmp" />
		<Unit filename="game/data/other/puerta/Nueva carpeta/Escena puerta.bmp" />
		<Unit filename="game/data/other/puerta/Nueva carpeta/Escena puerta.gal" />
		<Unit filename="game/data/other/puerta/Nueva carpeta/Griel.pal" />
		<Unit filename="game/data/other/puerta/Nueva carpeta/fondo.pal" />
		<Unit filename="game/data/other/puerta/Nueva carpeta/ob_puerta_fondo_b.bmp" />
		<Unit filename="game/data/other/puerta/Nueva carpeta/os_puerta_griel_32x32.bmp" />
		<Unit filename="game/data/other/puerta/Nueva carpeta/os_puerta_puerta_32x32.bmp" />
		<Unit filename="game/data/other/puerta/ob_puerta_fondo_b.bmp" />
		<Unit filename="game/data/other/puerta/os_puerta_griel_16x32.bmp" />
		<Unit filename="game/data/other/puerta/os_puerta_medallon_1_24x24.bmp" />
		<Unit filename="game/data/other/puerta/os_puerta_medallon_2_24x24.bmp" />
		<Unit filename="game/data/other/puerta/os_puerta_medallon_3_24x24.bmp" />
		<Unit filename="game/data/other/puerta/os_puerta_medallon_4_24x24.bmp" />
		<Unit filename="game/data/other/puerta/os_puerta_orco_1_24x32.bmp" />
		<Unit filename="game/data/other/puerta/os_puerta_orco_2_24x24.bmp" />
		<Unit filename="game/data/other/puerta/os_puerta_puerta_1_24x16.bmp" />
		<Unit filename="game/data/other/puerta/os_puerta_puerta_2_16x32.bmp" />
		<Unit filename="game/data/other/puerta/os_puerta_puerta_3_32x32.bmp" />
		<Unit filename="game/data/other/puerta/os_puerta_puerta_4_16x24.bmp" />
		<Unit filename="game/data/other/puerta/os_puerta_puerta_5_16x24.bmp" />
		<Unit filename="game/data/other/puerta/pal1.pal" />
		<Unit filename="game/data/other/title/Fuentes/Duvallcb.TTF" />
		<Unit filename="game/data/other/title/Fuentes/Longdon Decorative.TTF" />
		<Unit filename="game/data/other/title/Fuentes/Thalia Regular.ttf" />
		<Unit filename="game/data/other/title/MonkeyIsland2-Intro2-1.gif" />
		<Unit filename="game/data/other/title/Nueva carpeta/For the Holy Porron.png" />
		<Unit filename="game/data/other/title/Nueva carpeta/Griels Quest.png" />
		<Unit filename="game/data/other/title/Nueva carpeta/Kbrah.png" />
		<Unit filename="game/data/other/title/Nueva carpeta/Rey y Griel.png" />
		<Unit filename="game/data/other/title/Nueva carpeta/Titulo con teatrillo.png" />
		<Unit filename="game/data/other/title/SavB3C0.tmp" />
		<Unit filename="game/data/other/title/Viejo/Griel MD boceto titulo.png" />
		<Unit filename="game/data/other/title/Viejo/Griel titulo.png" />
		<Unit filename="game/data/other/title/Viejo/Prueba Kbrah.gal" />
		<Unit filename="game/data/other/title/Viejo/Prueba Kbrah.png" />
		<Unit filename="game/data/other/title/Viejo/Prueba Kbrah.png~" />
		<Unit filename="game/data/other/title/Viejo/Titulo con teatrillo.gal" />
		<Unit filename="game/data/other/title/Viejo/Titulo v2.gal" />
		<Unit filename="game/data/other/title/Viejo/Titulo v3.gal" />
		<Unit filename="game/data/other/title/Viejo/Titulo v3.png" />
		<Unit filename="game/data/other/title/Viejo/Titulo v4.gal" />
		<Unit filename="game/data/other/title/Viejo/Titulo v4.png" />
		<Unit filename="game/data/other/title/Viejo/Titulo v5.gal" />
		<Unit filename="game/data/other/title/Viejo/Titulo v6.gal" />
		<Unit filename="game/data/other/title/Viejo/Titulo v6.png" />
		<Unit filename="game/data/other/title/Viejo/Titulo.gal" />
		<Unit filename="game/data/other/title/griel.bmp" />
		<Unit filename="game/data/other/title/griel.pal" />
		<Unit filename="game/data/other/title/kbrah.bmp" />
		<Unit filename="game/data/other/title/kbrah.pal" />
		<Unit filename="game/data/other/title/mano.bmp" />
		<Unit filename="game/data/other/title/monos_mi.0.bmp" />
		<Unit filename="game/data/other/title/monos_mi.bmp" />
		<Unit filename="game/data/other/title/notah.bmp" />
		<Unit filename="game/data/other/title/notah.pal" />
		<Unit filename="game/data/other/title/press_start.bmp" />
		<Unit filename="game/data/other/title/subtitle.bmp" />
		<Unit filename="game/data/other/title/subtitle.pal" />
		<Unit filename="game/data/other/title/title.bmp" />
		<Unit filename="game/data/other/title/title.pal" />
		<Unit filename="game/data/other/title_1.0.bmp" />
		<Unit filename="game/data/other/title_1.bmp" />
		<Unit filename="game/data/other/title_2.bmp" />
		<Unit filename="game/data/tfm - no usados/ending.tfd" />
		<Unit filename="game/data/tfm - no usados/give_up.tfd" />
		<Unit filename="game/data/tfm - no usados/staff.tfd" />
		<Unit filename="game/data/tfm - no usados/viejos/final_stage.tfd" />
		<Unit filename="game/data/tfm - no usados/viejos/final_stage_clear.tfd" />
		<Unit filename="game/data/tfm - no usados/viejos/game_over.tfd" />
		<Unit filename="game/data/tfm - no usados/viejos/how_to_play.tfd" />
		<Unit filename="game/data/tfm - no usados/viejos/intro.tfd" />
		<Unit filename="game/data/tfm - no usados/viejos/round_screen.tfd" />
		<Unit filename="game/data/tfm - no usados/viejos/stage_01.tfd" />
		<Unit filename="game/data/tfm - no usados/viejos/stage_02.tfd" />
		<Unit filename="game/data/tfm - no usados/viejos/stage_03.tfd" />
		<Unit filename="game/data/tfm - no usados/viejos/stage_04.tfd" />
		<Unit filename="game/data/tfm - no usados/viejos/stage_clear.tfd" />
		<Unit filename="game/data/tfm - no usados/viejos/title.tfd" />
		<Unit filename="game/data/unused/FMP.0/bg_01.0.FMP" />
		<Unit filename="game/data/unused/FMP.0/bg_01.FMP" />
		<Unit filename="game/data/unused/FMP.0/bg_01scrn.BMP" />
		<Unit filename="game/data/unused/FMP.0/bg_02.FMP" />
		<Unit filename="game/data/unused/FMP.0/bg_03.FMP" />
		<Unit filename="game/data/unused/FMP.0/bg_04.FMP" />
		<Unit filename="game/data/unused/FMP.0/bg_04.asm" />
		<Unit filename="game/data/unused/FMP.0/bg_04.bmp" />
		<Unit filename="game/data/unused/FMP.0/fg_01_tiles dany v1.bmp" />
		<Unit filename="game/data/unused/FMP.0/fg_01_tiles.bmp" />
		<Unit filename="game/data/unused/FMP.0/marco_cueva.FMP" />
		<Unit filename="game/data/unused/FMP.0/marco_cueva.asm" />
		<Unit filename="game/data/unused/FMP.0/marco_cueva.bmp" />
		<Unit filename="game/data/unused/FMP.0/marco_dany.FMP" />
		<Unit filename="game/data/unused/FMP.0/marco_dany.asm" />
		<Unit filename="game/data/unused/FMP.0/marco_dany.bmp" />
		<Unit filename="game/data/unused/FMP.0/marco_gris.FMP" />
		<Unit filename="game/data/unused/FMP.0/marco_gris.asm" />
		<Unit filename="game/data/unused/FMP.0/marco_gris.bmp" />
		<Unit filename="game/data/unused/FMP.0/marco_mar.FMP" />
		<Unit filename="game/data/unused/FMP.0/marco_mar.asm" />
		<Unit filename="game/data/unused/FMP.0/marco_mar.bmp" />
		<Unit filename="game/data/unused/FMP.0/suelo_cueva.FMP" />
		<Unit filename="game/data/unused/FMP.0/suelo_cueva.asm" />
		<Unit filename="game/data/unused/FMP.0/suelo_dany.FMP" />
		<Unit filename="game/data/unused/FMP.0/suelo_dany.asm" />
		<Unit filename="game/data/unused/FMP.0/suelo_gris.FMP" />
		<Unit filename="game/data/unused/FMP.0/suelo_gris.asm" />
		<Unit filename="game/data/unused/FMP.0/suelo_mar.FMP" />
		<Unit filename="game/data/unused/FMP.0/suelo_mar.asm" />
		<Unit filename="game/data/unused/FMP.0/taobar1.FMP" />
		<Unit filename="game/data/unused/FMP.0/taobar1.asm" />
		<Unit filename="game/data/unused/FMP.0/taobar1.bmp" />
		<Unit filename="game/data/unused/FMP.0/taobar2.FMP" />
		<Unit filename="game/data/unused/FMP.0/taobar2.asm" />
		<Unit filename="game/data/unused/FMP.0/taobar2.bmp" />
		<Unit filename="game/data/unused/FMP/Aladdin (U) [!]_000.bmp" />
		<Unit filename="game/data/unused/FMP/Alien Soldier (J) [p1][!]_028.bmp" />
		<Unit filename="game/data/unused/FMP/Sin título-0.png" />
		<Unit filename="game/data/unused/FMP/aladdin.FMP" />
		<Unit filename="game/data/unused/FMP/aladdin_2.FMP" />
		<Unit filename="game/data/unused/FMP/as.FMP" />
		<Unit filename="game/data/unused/FMP/as.asm" />
		<Unit filename="game/data/unused/FMP/bg_title.png" />
		<Unit filename="game/data/unused/FMP/fg_title.bmp" />
		<Unit filename="game/data/unused/FMP/fg_title.png" />
		<Unit filename="game/data/unused/FMP/fondo_title.bmp" />
		<Unit filename="game/data/unused/FMP/rk709ex-c-1.png" />
		<Unit filename="game/data/unused/FMP/taobar1.asm" />
		<Unit filename="game/data/unused/FMP/taobar2.asm" />
		<Unit filename="game/data/unused/Griel&apos;s Quest - Intro_00.mp3" />
		<Unit filename="game/data/unused/__grsBlocks.0.bmp" />
		<Unit filename="game/data/unused/grsFont16x16 - GHC.bmp" />
		<Unit filename="game/data/unused/grsFont16x16 - GQ.bmp" />
		<Unit filename="game/data/unused/grsFont16x16.bmp" />
		<Unit filename="game/data/unused/grtTitle.bmp" />
		<Unit filename="game/data/unused/intro.mp3" />
		<Unit filename="game/data/unused/s_SpritesExplosion.0.bmp" />
		<Unit filename="game/data/unused/staff1.bmp" />
		<Unit filename="game/data/unused/staff2.bmp" />
		<Unit filename="game/data/unused/staff3.bmp" />
		<Unit filename="game/data/unused/staff4.bmp" />
		<Unit filename="game/data/unused/t_Marco.0.bmp" />
		<Unit filename="game/data/unused/text16x16-1.bmp" />
		<Unit filename="game/data/vgm/Nueva carpeta (2)/bosque_01.vgm" />
		<Unit filename="game/data/vgm/Nueva carpeta (2)/bosque_02.vgm" />
		<Unit filename="game/data/vgm/Nueva carpeta (2)/bosque_03.vgm" />
		<Unit filename="game/data/vgm/Nueva carpeta (2)/boss.vgm" />
		<Unit filename="game/data/vgm/Nueva carpeta (2)/caverna_01.vgm" />
		<Unit filename="game/data/vgm/Nueva carpeta (2)/caverna_02.vgm" />
		<Unit filename="game/data/vgm/Nueva carpeta (2)/caverna_03.vgm" />
		<Unit filename="game/data/vgm/Nueva carpeta (2)/clear_all.vgm" />
		<Unit filename="game/data/vgm/Nueva carpeta (2)/desierto_01.vgm" />
		<Unit filename="game/data/vgm/Nueva carpeta (2)/extra_1.vgm" />
		<Unit filename="game/data/vgm/Nueva carpeta (2)/gover.vgm" />
		<Unit filename="game/data/vgm/Nueva carpeta (2)/htp.vgm" />
		<Unit filename="game/data/vgm/Nueva carpeta (2)/playa_01.vgm" />
		<Unit filename="game/data/vgm/Nueva carpeta (2)/playa_02.vgm" />
		<Unit filename="game/data/vgm/Nueva carpeta (2)/playa_03.vgm" />
		<Unit filename="game/data/vgm/Nueva carpeta (2)/round.vgm" />
		<Unit filename="game/data/vgm/Nueva carpeta (2)/sclear.vgm" />
		<Unit filename="game/data/vgm/Nueva carpeta (2)/sms.vgm" />
		<Unit filename="game/data/vgm/Nueva carpeta (2)/title.vgm" />
		<Unit filename="game/data/vgm/Nueva carpeta/_griel_1.vgm" />
		<Unit filename="game/data/vgm/Nueva carpeta/_griel_2.vgm" />
		<Unit filename="game/data/vgm/Nueva carpeta/_griel_3.vgm" />
		<Unit filename="game/data/vgm/Nueva carpeta/_hielo_01.vgm" />
		<Unit filename="game/data/vgm/Nueva carpeta/_stage_01_master_system.vgm" />
		<Unit filename="game/data/vgm/Nueva carpeta/bosque_01_optimized.vgm" />
		<Unit filename="game/data/vgm/Nueva carpeta/bosque_02_optimized.vgm" />
		<Unit filename="game/data/vgm/Nueva carpeta/bosque_03_optimized.vgm" />
		<Unit filename="game/data/vgm/Nueva carpeta/boss_optimized.vgm" />
		<Unit filename="game/data/vgm/Nueva carpeta/caverna_01_optimized.vgm" />
		<Unit filename="game/data/vgm/Nueva carpeta/caverna_02_optimized.vgm" />
		<Unit filename="game/data/vgm/Nueva carpeta/caverna_03_optimized.vgm" />
		<Unit filename="game/data/vgm/Nueva carpeta/clear_all_optimized.vgm" />
		<Unit filename="game/data/vgm/Nueva carpeta/desierto_01_optimized.vgm" />
		<Unit filename="game/data/vgm/Nueva carpeta/desierto_02_optimized.vgm" />
		<Unit filename="game/data/vgm/Nueva carpeta/extra_1_optimized.vgm" />
		<Unit filename="game/data/vgm/Nueva carpeta/gover_optimized.vgm" />
		<Unit filename="game/data/vgm/Nueva carpeta/hielo_01_optimized.vgm" />
		<Unit filename="game/data/vgm/Nueva carpeta/htp_optimized.vgm" />
		<Unit filename="game/data/vgm/Nueva carpeta/playa_01_optimized.vgm" />
		<Unit filename="game/data/vgm/Nueva carpeta/playa_02_optimized.vgm" />
		<Unit filename="game/data/vgm/Nueva carpeta/playa_03_optimized.vgm" />
		<Unit filename="game/data/vgm/Nueva carpeta/round_optimized.vgm" />
		<Unit filename="game/data/vgm/Nueva carpeta/sclear_optimized.vgm" />
		<Unit filename="game/data/vgm/Nueva carpeta/title_optimized.vgm" />
		<Unit filename="game/data/vgm/pal_bosque_a.vgm" />
		<Unit filename="game/data/vgm/pal_bosque_b.vgm" />
		<Unit filename="game/data/vgm/pal_boss.vgm" />
		<Unit filename="game/data/vgm/pal_caverna_a.vgm" />
		<Unit filename="game/data/vgm/pal_caverna_b.vgm" />
		<Unit filename="game/data/vgm/pal_desierto_a.vgm" />
		<Unit filename="game/data/vgm/pal_desierto_b.vgm" />
		<Unit filename="game/data/vgm/pal_desierto_c.vgm" />
		<Unit filename="game/data/vgm/pal_ending_a.vgm" />
		<Unit filename="game/data/vgm/pal_ending_c.vgm" />
		<Unit filename="game/data/vgm/pal_extra.vgm" />
		<Unit filename="game/data/vgm/pal_fsclear.vgm" />
		<Unit filename="game/data/vgm/pal_gate.vgm" />
		<Unit filename="game/data/vgm/pal_gover.vgm" />
		<Unit filename="game/data/vgm/pal_hielo_a.vgm" />
		<Unit filename="game/data/vgm/pal_hielo_b.vgm" />
		<Unit filename="game/data/vgm/pal_hielo_c.vgm" />
		<Unit filename="game/data/vgm/pal_intro.vgm" />
		<Unit filename="game/data/vgm/pal_map.vgm" />
		<Unit filename="game/data/vgm/pal_playa_a.vgm" />
		<Unit filename="game/data/vgm/pal_playa_b.vgm" />
		<Unit filename="game/data/vgm/pal_playa_c.vgm" />
		<Unit filename="game/data/vgm/pal_round.vgm" />
		<Unit filename="game/data/vgm/pal_sclear.vgm" />
		<Unit filename="game/data/vgm/pal_staff_roll.vgm" />
		<Unit filename="game/data/vgm/pal_title.vgm" />
		<Unit filename="game/data/wav/Griel_hooo.wav" />
		<Unit filename="game/data/wav/Griel_ia.wav" />
		<Unit filename="game/data/wav/Griel_ouch_1.wav" />
		<Unit filename="game/data/wav/Griel_ouch_2.wav" />
		<Unit filename="game/data/wav/fx_ding.wav" />
		<Unit filename="game/data/world_0/Jefe Arbol saiyan/Arbolator saiyayin v4 cansado.png" />
		<Unit filename="game/data/world_0/Jefe Arbol saiyan/Arbolator saiyayin v4 despertar - copia.psp" />
		<Unit filename="game/data/world_0/Jefe Arbol saiyan/Arbolator saiyayin v4 despertar.png" />
		<Unit filename="game/data/world_0/Jefe Arbol saiyan/Arbolator saiyayin v4 disparo.png" />
		<Unit filename="game/data/world_0/Jefe Arbol saiyan/Arbolator saiyayin v4 muerto.png" />
		<Unit filename="game/data/world_0/Jefe Arbol saiyan/Arbolator saiyayin v4 stand.png" />
		<Unit filename="game/data/world_0/Jefe Arbol saiyan/Archivos GAL/Arbolator saiyayin v4 cansado.gal" />
		<Unit filename="game/data/world_0/Jefe Arbol saiyan/Archivos GAL/Arbolator saiyayin v4 despertar.gal" />
		<Unit filename="game/data/world_0/Jefe Arbol saiyan/Archivos GAL/Arbolator saiyayin v4 disparo.gal" />
		<Unit filename="game/data/world_0/Jefe Arbol saiyan/Archivos GAL/Arbolator saiyayin v4 muerto.gal" />
		<Unit filename="game/data/world_0/Jefe Arbol saiyan/Archivos GAL/Arbolator saiyayin v4 stand.gal" />
		<Unit filename="game/data/world_0/Jefe Arbol saiyan/GIFS referencia/Arbol saiyan cansado.gif" />
		<Unit filename="game/data/world_0/Jefe Arbol saiyan/GIFS referencia/Arbol saiyan dañado.gif" />
		<Unit filename="game/data/world_0/Jefe Arbol saiyan/GIFS referencia/Arbol saiyan disparo.gif" />
		<Unit filename="game/data/world_0/Jefe Arbol saiyan/GIFS referencia/Arbol saiyan stand.gif" />
		<Unit filename="game/data/world_0/Jefe Arbol saiyan/GIFS referencia/Arbol saiyan.gif" />
		<Unit filename="game/data/world_0/Jefe Arbol saiyan/Vegetal.pal" />
		<Unit filename="game/data/world_0/bigboy.bmp" />
		<Unit filename="game/data/world_0/blocks.bmp" />
		<Unit filename="game/data/world_0/blocks_32x32.bmp" />
		<Unit filename="game/data/world_0/bloques.pal" />
		<Unit filename="game/data/world_0/boss.bmp" />
		<Unit filename="game/data/world_0/boss.psp" />
		<Unit filename="game/data/world_0/enemies.bmp" />
		<Unit filename="game/data/world_0/enemies.pal" />
		<Unit filename="game/data/world_0/line_down.bmp" />
		<Unit filename="game/data/world_0/marco_1.bmp" />
		<Unit filename="game/data/world_0/marco_1.pal" />
		<Unit filename="game/data/world_0/unused/blocks - copia.bmp" />
		<Unit filename="game/data/world_0/unused/blocks.0.bmp" />
		<Unit filename="game/data/world_0/unused/boss.0.bmp" />
		<Unit filename="game/data/world_0/unused/demon.bmp" />
		<Unit filename="game/data/world_0/unused/line_down.0.bmp" />
		<Unit filename="game/data/world_0/unused/marco_1.0.bmp" />
		<Unit filename="game/data/world_0/unused/marco_1.1.bmp" />
		<Unit filename="game/data/world_0/unused/marco_1_b.pal" />
		<Unit filename="game/data/world_1/Nueva carpeta/blocks - copia.bmp" />
		<Unit filename="game/data/world_1/Nueva carpeta/blocks.0.bmp" />
		<Unit filename="game/data/world_1/Nueva carpeta/blocks.todos.bmp" />
		<Unit filename="game/data/world_1/Nueva carpeta/comparation.png" />
		<Unit filename="game/data/world_1/Nueva carpeta/line_down.0.bmp" />
		<Unit filename="game/data/world_1/Nueva carpeta/line_down.1.bmp" />
		<Unit filename="game/data/world_1/Nueva carpeta/marco1.0.pal" />
		<Unit filename="game/data/world_1/Nueva carpeta/marco_0.bmp" />
		<Unit filename="game/data/world_1/Nueva carpeta/marco_1.0.bmp" />
		<Unit filename="game/data/world_1/Nueva carpeta/marco_1.1.bmp" />
		<Unit filename="game/data/world_1/Nueva carpeta/s_Blocks_hielo v6.bmp" />
		<Unit filename="game/data/world_1/Nueva carpeta/s_Blocks_hielo v8.bmp" />
		<Unit filename="game/data/world_1/SnowMonkey.jpg" />
		<Unit filename="game/data/world_1/bigboy.bmp" />
		<Unit filename="game/data/world_1/blocks.bmp" />
		<Unit filename="game/data/world_1/blocks.pal" />
		<Unit filename="game/data/world_1/boss.bmp" />
		<Unit filename="game/data/world_1/boss.psp" />
		<Unit filename="game/data/world_1/emenies.pal" />
		<Unit filename="game/data/world_1/enemies.bmp" />
		<Unit filename="game/data/world_1/line_down.bmp" />
		<Unit filename="game/data/world_1/marco1.pal" />
		<Unit filename="game/data/world_1/marco_1.bmp" />
		<Unit filename="game/data/world_2/Interior piramide v13.bmp" />
		<Unit filename="game/data/world_2/No usado/Enemigos desierto v5.bmp" />
		<Unit filename="game/data/world_2/No usado/Esfinge caprina v2.bmp" />
		<Unit filename="game/data/world_2/No usado/Interior piramide parte inferior v8.bmp" />
		<Unit filename="game/data/world_2/No usado/Interior piramide v10 fila inferior.bmp" />
		<Unit filename="game/data/world_2/No usado/Interior piramide v10sss.bmp" />
		<Unit filename="game/data/world_2/No usado/Interior piramide v8.bmp" />
		<Unit filename="game/data/world_2/No usado/Marco desierto v5 palmeras sin amarillo.bmp" />
		<Unit filename="game/data/world_2/No usado/Marco desierto v5 palmeras.bmp" />
		<Unit filename="game/data/world_2/No usado/Marco hielo v4 suelo complejo.png" />
		<Unit filename="game/data/world_2/No usado/Marco hielo v4 suelo liso.png" />
		<Unit filename="game/data/world_2/No usado/Marco hielo v5 megadrivizado.png" />
		<Unit filename="game/data/world_2/No usado/blocks.0.bmp" />
		<Unit filename="game/data/world_2/No usado/marco_1.0.bmp" />
		<Unit filename="game/data/world_2/No usado/marco_1.2.bmp" />
		<Unit filename="game/data/world_2/No usado/marco_1.3.bmp" />
		<Unit filename="game/data/world_2/No usado/marco_1.4.bmp" />
		<Unit filename="game/data/world_2/No usado/marco_1.6.bmp" />
		<Unit filename="game/data/world_2/No usado/marco_1.bmp" />
		<Unit filename="game/data/world_2/No usado/marco_1.png" />
		<Unit filename="game/data/world_2/No usado/marco_1_0.bmp" />
		<Unit filename="game/data/world_2/No usado/marco_1_1.bmp" />
		<Unit filename="game/data/world_2/No usado/marco_1_a.pal" />
		<Unit filename="game/data/world_2/No usado/marco_1_a_0.bmp" />
		<Unit filename="game/data/world_2/No usado/marco_1_a_16c.pal" />
		<Unit filename="game/data/world_2/No usado/marco_1_b.bmp" />
		<Unit filename="game/data/world_2/No usado/marco_1_b.pal" />
		<Unit filename="game/data/world_2/No usado/marco_1a.bmp" />
		<Unit filename="game/data/world_2/No usado/marco_1b.bmp" />
		<Unit filename="game/data/world_2/No usado/s_Blocks_piramide v1.bmp" />
		<Unit filename="game/data/world_2/bigboy.bmp" />
		<Unit filename="game/data/world_2/blocks.bmp" />
		<Unit filename="game/data/world_2/blocks.pal" />
		<Unit filename="game/data/world_2/emenies.pal" />
		<Unit filename="game/data/world_2/enemies.bmp" />
		<Unit filename="game/data/world_2/line_down.bmp" />
		<Unit filename="game/data/world_2/marco1.pal" />
		<Unit filename="game/data/world_2/marco_1.bmp" />
		<Unit filename="game/data/world_2/trampa.bmp" />
		<Unit filename="game/data/world_3/bigboy.bmp" />
		<Unit filename="game/data/world_3/blocks.bmp" />
		<Unit filename="game/data/world_3/blocks.pal" />
		<Unit filename="game/data/world_3/emenies.pal" />
		<Unit filename="game/data/world_3/enemies.bmp" />
		<Unit filename="game/data/world_3/marco_1.bmp" />
		<Unit filename="game/data/world_3/marco_1.pal" />
		<Unit filename="game/data/world_3/muerte.bmp" />
		<Unit filename="game/data/world_3/old/blocks.bmp" />
		<Unit filename="game/data/world_3/old/line_left.bmp" />
		<Unit filename="game/data/world_3/old/line_right.bmp" />
		<Unit filename="game/data/world_3/old/marco_1.bmp" />
		<Unit filename="game/data/world_3/old/sea (2).bmp" />
		<Unit filename="game/data/world_3/sea.bmp" />
		<Unit filename="game/data/world_4/bigboy.bmp" />
		<Unit filename="game/data/world_4/blocks.bmp" />
		<Unit filename="game/data/world_4/blocks.pal" />
		<Unit filename="game/data/world_4/emenies.pal" />
		<Unit filename="game/data/world_4/enemies.bmp" />
		<Unit filename="game/data/world_4/lava.3-tiles-de-ancho.bmp" />
		<Unit filename="game/data/world_4/lava.4-tiles-de-ancho.bmp" />
		<Unit filename="game/data/world_4/lava.bmp" />
		<Unit filename="game/data/world_4/line_down.bmp" />
		<Unit filename="game/data/world_4/marco_1.1.bmp" />
		<Unit filename="game/data/world_4/marco_1.bmp" />
		<Unit filename="game/data/world_4/marco_1.pal" />
		<Unit filename="game/data/world_4/murci.bmp" />
		<Unit filename="game/data/world_4/old/Muerte tentaculo.bmp" />
		<Unit filename="game/data/world_4/old/line_left.bmp" />
		<Unit filename="game/data/world_4/old/line_right.bmp" />
		<Unit filename="game/data/world_4/old/marco_1.bmp" />
		<Unit filename="game/data/world_4/old/sea (2).bmp" />
		<Unit filename="game/data/world_4/old/sea.bmp" />
		<Unit filename="game/data/world_4/ventana_1.bmp" />
		<Unit filename="game/data/world_4/ventana_2.bmp" />
		<Unit filename="game/data/world_4/ventana_3.bmp" />
		<Unit filename="game/data/world_4/ventana_4.bmp" />
		<Unit filename="game/inc/animation.h" />
		<Unit filename="game/inc/bigboy.h" />
		<Unit filename="game/inc/boss.h" />
		<Unit filename="game/inc/bossctrl.h" />
		<Unit filename="game/inc/burbuja.h" />
		<Unit filename="game/inc/cheats.h" />
		<Unit filename="game/inc/chorrada.h" />
		<Unit filename="game/inc/colores_textos.h" />
		<Unit filename="game/inc/death.h" />
		<Unit filename="game/inc/display.h" />
		<Unit filename="game/inc/font.h" />
		<Unit filename="game/inc/frases.h" />
		<Unit filename="game/inc/game.h" />
		<Unit filename="game/inc/gamestate.h" />
		<Unit filename="game/inc/genres_externs.h" />
		<Unit filename="game/inc/gfx.h" />
		<Unit filename="game/inc/helpers.h" />
		<Unit filename="game/inc/howtoplay.h" />
		<Unit filename="game/inc/include.h" />
		<Unit filename="game/inc/joy.h" />
		<Unit filename="game/inc/level.h" />
		<Unit filename="game/inc/musiclist.h" />
		<Unit filename="game/inc/object.h" />
		<Unit filename="game/inc/password.h" />
		<Unit filename="game/inc/password8.h" />
		<Unit filename="game/inc/pause.h" />
		<Unit filename="game/inc/player.h" />
		<Unit filename="game/inc/prayer.h" />
		<Unit filename="game/inc/psglist.h" />
		<Unit filename="game/inc/scoreball.h" />
		<Unit filename="game/inc/screen.h" />
		<Unit filename="game/inc/screens/final.h" />
		<Unit filename="game/inc/screens/intro.h" />
		<Unit filename="game/inc/screens/mapa.h" />
		<Unit filename="game/inc/screens/puerta.h" />
		<Unit filename="game/inc/splist.h" />
		<Unit filename="game/inc/stars.h" />
		<Unit filename="game/inc/stdint.h" />
		<Unit filename="game/inc/text.h" />
		<Unit filename="game/inc/toani.h" />
		<Unit filename="game/inc/tool.h" />
		<Unit filename="game/inc/typetext.h" />
		<Unit filename="game/inc/undo.h" />
		<Unit filename="game/inc/version.h" />
		<Unit filename="game/inc/vint.h" />
		<Unit filename="game/inc/vobject.h" />
		<Unit filename="game/inc/voffset.h" />
		<Unit filename="game/inc/vsprite.h" />
		<Unit filename="game/inc/wavelist.h" />
		<Unit filename="game/inc/weapon.h" />
		<Unit filename="game/inc/worlds/worlds.h" />
		<Unit filename="game/libs/joyreader.c">
			<Option compilerVar="CC" />
		</Unit>
		<Unit filename="game/libs/joyreader.h" />
		<Unit filename="game/libs/mappy.c">
			<Option compilerVar="CC" />
		</Unit>
		<Unit filename="game/libs/mappy.h" />
		<Unit filename="game/libs/music.c">
			<Option compilerVar="CC" />
		</Unit>
		<Unit filename="game/libs/music.h" />
		<Unit filename="game/libs/psg.c">
			<Option compilerVar="CC" />
		</Unit>
		<Unit filename="game/libs/psg.h" />
		<Unit filename="game/libs/spritedispacher.c">
			<Option compilerVar="CC" />
		</Unit>
		<Unit filename="game/libs/spritedispacher.h" />
		<Unit filename="game/libs/spriteset.c">
			<Option compilerVar="CC" />
		</Unit>
		<Unit filename="game/libs/spriteset.h" />
		<Unit filename="game/libs/vram.c">
			<Option compilerVar="CC" />
		</Unit>
		<Unit filename="game/libs/vram.h" />
		<Unit filename="game/libs/waitbreak.h" />
		<Unit filename="game/libs/wave.c">
			<Option compilerVar="CC" />
		</Unit>
		<Unit filename="game/libs/wave.h" />
		<Unit filename="game/psg/back.h" />
		<Unit filename="game/psg/back.vgm" />
		<Unit filename="game/psg/con descripciones/_back(en los menus).vgm" />
		<Unit filename="game/psg/con descripciones/_item.vgm" />
		<Unit filename="game/psg/con descripciones/_key.vgm" />
		<Unit filename="game/psg/con descripciones/_kill.vgm" />
		<Unit filename="game/psg/con descripciones/_select(select en el menu principal y passwords y sonido de menu de pausa).vgm" />
		<Unit filename="game/psg/con descripciones/_select_2(select en el mapa y en el menu pausa).vgm" />
		<Unit filename="game/psg/con descripciones/_start.vgm" />
		<Unit filename="game/psg/con descripciones/_wrong(password equivocado y sonido para zonas que no puedes entrar).vgm" />
		<Unit filename="game/psg/con descripciones/flechas.vgm" />
		<Unit filename="game/psg/flechas.h" />
		<Unit filename="game/psg/flechas.vgm" />
		<Unit filename="game/psg/item.h" />
		<Unit filename="game/psg/item.vgm" />
		<Unit filename="game/psg/key.h" />
		<Unit filename="game/psg/key.vgm" />
		<Unit filename="game/psg/kill.h" />
		<Unit filename="game/psg/kill.vgm" />
		<Unit filename="game/psg/select.h" />
		<Unit filename="game/psg/select.vgm" />
		<Unit filename="game/psg/select_2.h" />
		<Unit filename="game/psg/select_2.vgm" />
		<Unit filename="game/psg/start.h" />
		<Unit filename="game/psg/start.vgm" />
		<Unit filename="game/psg/viejos/Los que sí/bite.vgm" />
		<Unit filename="game/psg/viejos/Los que sí/explode.vgm" />
		<Unit filename="game/psg/viejos/Los que sí/fx11.vgm" />
		<Unit filename="game/psg/viejos/Los que sí/fx12.vgm" />
		<Unit filename="game/psg/viejos/Los que sí/select.vgm" />
		<Unit filename="game/psg/viejos/Los que sí/select_2.vgm" />
		<Unit filename="game/psg/viejos/Los que sí/start.vgm" />
		<Unit filename="game/psg/viejos/Los que sí/wrong_pass.vgm" />
		<Unit filename="game/psg/viejos/arrow.h" />
		<Unit filename="game/psg/viejos/arrow.vgm" />
		<Unit filename="game/psg/viejos/arrow_2.h" />
		<Unit filename="game/psg/viejos/arrow_2.vgm" />
		<Unit filename="game/psg/viejos/back.h" />
		<Unit filename="game/psg/viejos/back.vgm" />
		<Unit filename="game/psg/viejos/bite.h" />
		<Unit filename="game/psg/viejos/bite.vgm" />
		<Unit filename="game/psg/viejos/explode.h" />
		<Unit filename="game/psg/viejos/explode.vgm" />
		<Unit filename="game/psg/viejos/fall.h" />
		<Unit filename="game/psg/viejos/fall.vgm" />
		<Unit filename="game/psg/viejos/fiuuu.h" />
		<Unit filename="game/psg/viejos/fiuuu.vgm" />
		<Unit filename="game/psg/viejos/flechas.h" />
		<Unit filename="game/psg/viejos/flechas.vgm" />
		<Unit filename="game/psg/viejos/foot.h" />
		<Unit filename="game/psg/viejos/foot.vgm" />
		<Unit filename="game/psg/viejos/foot_2.h" />
		<Unit filename="game/psg/viejos/foot_2.vgm" />
		<Unit filename="game/psg/viejos/fx11.h" />
		<Unit filename="game/psg/viejos/fx11.vgm" />
		<Unit filename="game/psg/viejos/fx12.h" />
		<Unit filename="game/psg/viejos/fx12.vgm" />
		<Unit filename="game/psg/viejos/fx5.h" />
		<Unit filename="game/psg/viejos/fx5.vgm" />
		<Unit filename="game/psg/viejos/fx6.h" />
		<Unit filename="game/psg/viejos/fx6.vgm" />
		<Unit filename="game/psg/viejos/item.h" />
		<Unit filename="game/psg/viejos/item.vgm" />
		<Unit filename="game/psg/viejos/item_2.h" />
		<Unit filename="game/psg/viejos/item_2.vgm" />
		<Unit filename="game/psg/viejos/item_3.h" />
		<Unit filename="game/psg/viejos/item_3.vgm" />
		<Unit filename="game/psg/viejos/key.h" />
		<Unit filename="game/psg/viejos/key.vgm" />
		<Unit filename="game/psg/viejos/kill.h" />
		<Unit filename="game/psg/viejos/kill.vgm" />
		<Unit filename="game/psg/viejos/listado.txt" />
		<Unit filename="game/psg/viejos/ok_pause.h" />
		<Unit filename="game/psg/viejos/ok_pause.vgm" />
		<Unit filename="game/psg/viejos/primero.h" />
		<Unit filename="game/psg/viejos/primero.vgm" />
		<Unit filename="game/psg/viejos/random.h" />
		<Unit filename="game/psg/viejos/random.vgm" />
		<Unit filename="game/psg/viejos/sangraal.h" />
		<Unit filename="game/psg/viejos/sangraal.vgm" />
		<Unit filename="game/psg/viejos/select.h" />
		<Unit filename="game/psg/viejos/select.vgm" />
		<Unit filename="game/psg/viejos/select_2.h" />
		<Unit filename="game/psg/viejos/select_2.vgm" />
		<Unit filename="game/psg/viejos/start.h" />
		<Unit filename="game/psg/viejos/start.vgm" />
		<Unit filename="game/psg/viejos/vgms que se quedan.7z" />
		<Unit filename="game/psg/viejos/wrong.h" />
		<Unit filename="game/psg/viejos/wrong.vgm" />
		<Unit filename="game/psg/viejos/wrong_2.h" />
		<Unit filename="game/psg/viejos/wrong_2.vgm" />
		<Unit filename="game/psg/viejos/wrong_pass.h" />
		<Unit filename="game/psg/viejos/wrong_pass.vgm" />
		<Unit filename="game/psg/wrong.h" />
		<Unit filename="game/psg/wrong.vgm" />
		<Unit filename="game/res/ambiente.rc">
			<Option compilerVar="WINDRES" />
		</Unit>
		<Unit filename="game/res/ambienteres.h" />
		<Unit filename="game/res/ambienteres.res" />
		<Unit filename="game/res/common.rc">
			<Option compilerVar="WINDRES" />
		</Unit>
		<Unit filename="game/res/commonres.h" />
		<Unit filename="game/res/commonres.res" />
		<Unit filename="game/res/final.rc">
			<Option compilerVar="WINDRES" />
		</Unit>
		<Unit filename="game/res/finalres.h" />
		<Unit filename="game/res/finalres.res" />
		<Unit filename="game/res/intro.h" />
		<Unit filename="game/res/intro.res" />
		<Unit filename="game/res/other.rc">
			<Option compilerVar="WINDRES" />
		</Unit>
		<Unit filename="game/res/otherres.h" />
		<Unit filename="game/res/otherres.res" />
		<Unit filename="game/res/puerta.rc">
			<Option compilerVar="WINDRES" />
		</Unit>
		<Unit filename="game/res/puertares.h" />
		<Unit filename="game/res/puertares.res" />
		<Unit filename="game/res/quitados/fx_hahaha.wav" />
		<Unit filename="game/res/quitados/resources.h" />
		<Unit filename="game/res/quitados/resources.res" />
		<Unit filename="game/res/quitados/test.pcm" />
		<Unit filename="game/res/title.h" />
		<Unit filename="game/res/title.res" />
		<Unit filename="game/res/waveres.h" />
		<Unit filename="game/res/waveres.res" />
		<Unit filename="game/res/world0.rc">
			<Option compilerVar="WINDRES" />
		</Unit>
		<Unit filename="game/res/world0res.h" />
		<Unit filename="game/res/world0res.res" />
		<Unit filename="game/res/world1.rc">
			<Option compilerVar="WINDRES" />
		</Unit>
		<Unit filename="game/res/world1res.h" />
		<Unit filename="game/res/world1res.res" />
		<Unit filename="game/res/world2.rc">
			<Option compilerVar="WINDRES" />
		</Unit>
		<Unit filename="game/res/world2res.h" />
		<Unit filename="game/res/world2res.res" />
		<Unit filename="game/res/world3.rc">
			<Option compilerVar="WINDRES" />
		</Unit>
		<Unit filename="game/res/world3res.h" />
		<Unit filename="game/res/world3res.res" />
		<Unit filename="game/res/world4.rc">
			<Option compilerVar="WINDRES" />
		</Unit>
		<Unit filename="game/res/world4res.h" />
		<Unit filename="game/res/world4res.res" />
		<Unit filename="game/res/xgmres.h" />
		<Unit filename="game/res/xgmres.res" />
		<Unit filename="game/src/animation.c">
			<Option compilerVar="CC" />
		</Unit>
		<Unit filename="game/src/bigboy.c">
			<Option compilerVar="CC" />
		</Unit>
		<Unit filename="game/src/boot/rom_head.c">
			<Option compilerVar="CC" />
		</Unit>
		<Unit filename="game/src/boot/sega.s" />
		<Unit filename="game/src/boss.c">
			<Option compilerVar="CC" />
		</Unit>
		<Unit filename="game/src/cb_password.asm" />
		<Unit filename="game/src/cb_soundtest.asm" />
		<Unit filename="game/src/cheats.c">
			<Option compilerVar="CC" />
		</Unit>
		<Unit filename="game/src/chorrada.c">
			<Option compilerVar="CC" />
		</Unit>
		<Unit filename="game/src/colores_textos.c">
			<Option compilerVar="CC" />
		</Unit>
		<Unit filename="game/src/death.c">
			<Option compilerVar="CC" />
		</Unit>
		<Unit filename="game/src/display.c">
			<Option compilerVar="CC" />
		</Unit>
		<Unit filename="game/src/font.c">
			<Option compilerVar="CC" />
		</Unit>
		<Unit filename="game/src/frases.c">
			<Option compilerVar="CC" />
		</Unit>
		<Unit filename="game/src/frases.c.-1" />
		<Unit filename="game/src/frases.c.0" />
		<Unit filename="game/src/frases.c.1" />
		<Unit filename="game/src/game.c">
			<Option compilerVar="CC" />
		</Unit>
		<Unit filename="game/src/gamestate.c">
			<Option compilerVar="CC" />
		</Unit>
		<Unit filename="game/src/helpers.c">
			<Option compilerVar="CC" />
		</Unit>
		<Unit filename="game/src/howtoplay.c">
			<Option compilerVar="CC" />
		</Unit>
		<Unit filename="game/src/joy.c">
			<Option compilerVar="CC" />
		</Unit>
		<Unit filename="game/src/key.c">
			<Option compilerVar="CC" />
		</Unit>
		<Unit filename="game/src/level.c">
			<Option compilerVar="CC" />
		</Unit>
		<Unit filename="game/src/main.c">
			<Option compilerVar="CC" />
		</Unit>
		<Unit filename="game/src/musiclist.c">
			<Option compilerVar="CC" />
		</Unit>
		<Unit filename="game/src/object.c">
			<Option compilerVar="CC" />
		</Unit>
		<Unit filename="game/src/password.c">
			<Option compilerVar="CC" />
		</Unit>
		<Unit filename="game/src/password8.c">
			<Option compilerVar="CC" />
		</Unit>
		<Unit filename="game/src/pause.c">
			<Option compilerVar="CC" />
		</Unit>
		<Unit filename="game/src/player.c">
			<Option compilerVar="CC" />
		</Unit>
		<Unit filename="game/src/prayer.c">
			<Option compilerVar="CC" />
		</Unit>
		<Unit filename="game/src/psglist.c">
			<Option compilerVar="CC" />
		</Unit>
		<Unit filename="game/src/scoreball.c">
			<Option compilerVar="CC" />
		</Unit>
		<Unit filename="game/src/screen.c">
			<Option compilerVar="CC" />
		</Unit>
		<Unit filename="game/src/screens/disclaimer.c">
			<Option compilerVar="CC" />
		</Unit>
		<Unit filename="game/src/screens/final.c">
			<Option compilerVar="CC" />
		</Unit>
		<Unit filename="game/src/screens/griels.c">
			<Option compilerVar="CC" />
		</Unit>
		<Unit filename="game/src/screens/intro.c">
			<Option compilerVar="CC" />
		</Unit>
		<Unit filename="game/src/screens/mapa.c">
			<Option compilerVar="CC" />
		</Unit>
		<Unit filename="game/src/screens/oooklab.c">
			<Option compilerVar="CC" />
		</Unit>
		<Unit filename="game/src/screens/puerta.c">
			<Option compilerVar="CC" />
		</Unit>
		<Unit filename="game/src/screens/sega.c">
			<Option compilerVar="CC" />
		</Unit>
		<Unit filename="game/src/screens/soundtest.c">
			<Option compilerVar="CC" />
		</Unit>
		<Unit filename="game/src/screens/title.c">
			<Option compilerVar="CC" />
		</Unit>
		<Unit filename="game/src/splist.c">
			<Option compilerVar="CC" />
		</Unit>
		<Unit filename="game/src/stars.c">
			<Option compilerVar="CC" />
		</Unit>
		<Unit filename="game/src/text.c">
			<Option compilerVar="CC" />
		</Unit>
		<Unit filename="game/src/toani.c">
			<Option compilerVar="CC" />
		</Unit>
		<Unit filename="game/src/tool.c">
			<Option compilerVar="CC" />
		</Unit>
		<Unit filename="game/src/typetext.c">
			<Option compilerVar="CC" />
		</Unit>
		<Unit filename="game/src/undo.c">
			<Option compilerVar="CC" />
		</Unit>
		<Unit filename="game/src/vint.c">
			<Option compilerVar="CC" />
		</Unit>
		<Unit filename="game/src/vobject.c">
			<Option compilerVar="CC" />
		</Unit>
		<Unit filename="game/src/voffset.c">
			<Option compilerVar="CC" />
		</Unit>
		<Unit filename="game/src/vsprite.c">
			<Option compilerVar="CC" />
		</Unit>
		<Unit filename="game/src/wavelist.c">
			<Option compilerVar="CC" />
		</Unit>
		<Unit filename="game/src/weapon.c">
			<Option compilerVar="CC" />
		</Unit>
		<Unit filename="game/src/worlds/world0.c">
			<Option compilerVar="CC" />
		</Unit>
		<Unit filename="game/src/worlds/world1.c">
			<Option compilerVar="CC" />
		</Unit>
		<Unit filename="game/src/worlds/world2.c">
			<Option compilerVar="CC" />
		</Unit>
		<Unit filename="game/src/worlds/world3.c">
			<Option compilerVar="CC" />
		</Unit>
		<Unit filename="game/src/worlds/world4.c">
			<Option compilerVar="CC" />
		</Unit>
		<Unit filename="game/src/worlds/world8.c">
			<Option compilerVar="CC" />
		</Unit>
		<Unit filename="libs/binary.h" />
		<Unit filename="libs/burbuja.c">
			<Option compilerVar="CC" />
		</Unit>
		<Unit filename="libs/burbuja.h" />
		<Unit filename="libs/conio.c">
			<Option compilerVar="CC" />
		</Unit>
		<Unit filename="libs/conio.h" />
		<Unit filename="libs/dev.c">
			<Option compilerVar="CC" />
		</Unit>
		<Unit filename="libs/dev.h" />
		<Unit filename="libs/list.c">
			<Option compilerVar="CC" />
		</Unit>
		<Unit filename="libs/list.h" />
		<Unit filename="libs/stdarg.h" />
		<Unit filename="make-psg.bat" />
		<Unit filename="makefile.gen" />
		<Unit filename="makelib.bat" />
		<Unit filename="makeres.bat" />
		<Unit filename="out/Copiar a SD.bat" />
		<Unit filename="romhead.conf" />
		<Unit filename="tools/UPX.EXE" />
		<Unit filename="tools/bin2h.exe" />
		<Unit filename="tools/romhead/UPX.EXE" />
		<Unit filename="tools/romhead/romhead.c">
			<Option compilerVar="CC" />
		</Unit>
		<Unit filename="tools/romhead/romhead.conf" />
		<Unit filename="tools/romhead/romhead.exe" />
		<Unit filename="tools/tfmcom.exe" />
		<Unit filename="tools/vgmpsgfx.exe" />
		<Extensions>
			<code_completion>
				<search_path add="..\..\SGDK\last\src" />
				<search_path add="..\..\SGDK\last" />
				<search_path add="..\..\SGDK\last\inc" />
			</code_completion>
			<debugger />
			<envvars />
			<DoxyBlocks>
				<comment_style block="0" line="0" />
				<doxyfile_project />
				<doxyfile_build />
				<doxyfile_warnings />
				<doxyfile_output />
				<doxyfile_dot />
				<general />
			</DoxyBlocks>
		</Extensions>
	</Project>
</CodeBlocks_project_file>
